
Microsoft Visual Studio Solution File, Format Version 12.00
# Visual Studio Version 17
VisualStudioVersion = 17.11.35327.3
MinimumVisualStudioVersion = 10.0.40219.1
Project("{FAE04EC0-301F-11D3-BF4B-00C04F79EFBC}") = "LibraryManagement", "LibraryManagement\LibraryManagement.csproj", "{96DF50A6-DDD7-4B4B-A3EB-F2D73116A8C8}"
EndProject
Global
	GlobalSection(SolutionConfigurationPlatforms) = preSolution
		Debug|Any CPU = Debug|Any CPU
		Release|Any CPU = Release|Any CPU
	EndGlobalSection
	GlobalSection(ProjectConfigurationPlatforms) = postSolution
		{96DF50A6-DDD7-4B4B-A3EB-F2D73116A8C8}.Debug|Any CPU.ActiveCfg = Debug|Any CPU
		{96DF50A6-DDD7-4B4B-A3EB-F2D73116A8C8}.Debug|Any CPU.Build.0 = Debug|Any CPU
		{96DF50A6-DDD7-4B4B-A3EB-F2D73116A8C8}.Release|Any CPU.ActiveCfg = Release|Any CPU
		{96DF50A6-DDD7-4B4B-A3EB-F2D73116A8C8}.Release|Any CPU.Build.0 = Release|Any CPU
	EndGlobalSection
	GlobalSection(SolutionProperties) = preSolution
		HideSolutionNode = FALSE
	EndGlobalSection
	GlobalSection(ExtensibilityGlobals) = postSolution
		SolutionGuid = {8CBD4915-28AC-4300-B854-E1CE6851B4C7}
	EndGlobalSection
EndGlobal
